
Microsoft Visual Studio Solution File, Format Version 12.00
# Visual Studio Version 17
VisualStudioVersion = 17.9.34728.123
MinimumVisualStudioVersion = 10.0.40219.1
Project("{FAE04EC0-301F-11D3-BF4B-00C04F79EFBC}") = "SimpleProxy", "SimpleProxy.csproj", "{D71E3F51-F81A-4C1C-87C8-5675C55EAE9B}"
EndProject
Global
	GlobalSection(SolutionConfigurationPlatforms) = preSolution
		Debug|Any CPU = Debug|Any CPU
		Release|Any CPU = Release|Any CPU
	EndGlobalSection
	GlobalSection(ProjectConfigurationPlatforms) = postSolution
		{D71E3F51-F81A-4C1C-87C8-5675C55EAE9B}.Debug|Any CPU.ActiveCfg = Debug|Any CPU
		{D71E3F51-F81A-4C1C-87C8-5675C55EAE9B}.Debug|Any CPU.Build.0 = Debug|Any CPU
		{D71E3F51-F81A-4C1C-87C8-5675C55EAE9B}.Release|Any CPU.ActiveCfg = Release|Any CPU
		{D71E3F51-F81A-4C1C-87C8-5675C55EAE9B}.Release|Any CPU.Build.0 = Release|Any CPU
	EndGlobalSection
	GlobalSection(SolutionProperties) = preSolution
		HideSolutionNode = FALSE
	EndGlobalSection
	GlobalSection(ExtensibilityGlobals) = postSolution
		SolutionGuid = {985F8A92-AAC1-4755-8EB5-4C80E07BEB5D}
	EndGlobalSection
EndGlobal
